{
  "name": "babylon-ts-logic-example",
  "version": "1.0.0",
  "lockfileVersion": 1,
  "requires": true,
  "dependencies": {
    "babylonjs": {
      "version": "4.1.0",
      "resolved": "https://registry.npmjs.org/babylonjs/-/babylonjs-4.1.0.tgz",
      "integrity": "sha512-MnaH1BQIL+PYgqGaAvGVdP8yd7nM1j6sbQi/K/6+RlkHPxIETW2NbjqxiW7Sywgy7r3PwqWT/gxG4Bz95Z6/yA=="
    },
    "nanoevents": {
      "version": "5.1.5",
      "resolved": "https://registry.npmjs.org/nanoevents/-/nanoevents-5.1.5.tgz",
      "integrity": "sha512-4uRsi3eXxPLQfiXSWPstkS2opiYqRP7mkqh2KDWr24/IwJnqdCLL41ljl86rYW6LxN0w6B6PlwoClAH8o17hBQ=="
    },
    "tick-knock": {
      "version": "1.4.1",
      "resolved": "https://registry.npmjs.org/tick-knock/-/tick-knock-1.4.1.tgz",
      "integrity": "sha512-hKb+GCZtAn6SZRL1WxdZ3CRTNaDNduWdA3n6oMa5EXvvwynRiqQln/p4Fvv0R9o7EZKK4Rkzw6zx34C9IOeOEA==",
      "requires": {
        "tslib": "^1.9.3",
        "typed-signals": "^1.0.5"
      }
    },
    "tslib": {
      "version": "1.11.1",
      "resolved": "https://registry.npmjs.org/tslib/-/tslib-1.11.1.tgz",
      "integrity": "sha512-aZW88SY8kQbU7gpV19lN24LtXh/yD4ZZg6qieAJDDg+YBsJcSmLGK9QpnUjAKVG/xefmvJGd1WUmfpT/g6AJGA=="
    },
    "typed-signals": {
      "version": "1.0.5",
      "resolved": "https://registry.npmjs.org/typed-signals/-/typed-signals-1.0.5.tgz",
      "integrity": "sha512-kKrgAGzAGXco9xu6UsoM3NaKBPO6g6KNxfOoJk8wMJbOFDJlw9hkbgoB60bC23At8gsehF1c02bTtLRMrhzTsA=="
    },
    "typescript": {
      "version": "3.8.3",
      "resolved": "https://registry.npmjs.org/typescript/-/typescript-3.8.3.tgz",
      "integrity": "sha512-MYlEfn5VrLNsgudQTVJeNaQFUAI7DkhnOjdpAp4T+ku1TfQClewlbSuTVHiA+8skNBgaf02TL/kLOvig4y3G8w==",
      "dev": true
    }
  }
}
